
Microsoft Visual Studio Solution File, Format Version 12.00
# Visual Studio Version 16
VisualStudioVersion = 16.0.32602.291
MinimumVisualStudioVersion = 10.0.40219.1
Project("{FAE04EC0-301F-11D3-BF4B-00C04F79EFBC}") = "CommandsAPI", "CommandsAPI\CommandsAPI.csproj", "{1F89AFA9-04C4-49EC-BE0D-8AD35B2E30A7}"
EndProject
Global
	GlobalSection(SolutionConfigurationPlatforms) = preSolution
		Debug|Any CPU = Debug|Any CPU
		Release|Any CPU = Release|Any CPU
	EndGlobalSection
	GlobalSection(ProjectConfigurationPlatforms) = postSolution
		{1F89AFA9-04C4-49EC-BE0D-8AD35B2E30A7}.Debug|Any CPU.ActiveCfg = Debug|Any CPU
		{1F89AFA9-04C4-49EC-BE0D-8AD35B2E30A7}.Debug|Any CPU.Build.0 = Debug|Any CPU
		{1F89AFA9-04C4-49EC-BE0D-8AD35B2E30A7}.Release|Any CPU.ActiveCfg = Release|Any CPU
		{1F89AFA9-04C4-49EC-BE0D-8AD35B2E30A7}.Release|Any CPU.Build.0 = Release|Any CPU
	EndGlobalSection
	GlobalSection(SolutionProperties) = preSolution
		HideSolutionNode = FALSE
	EndGlobalSection
	GlobalSection(ExtensibilityGlobals) = postSolution
		SolutionGuid = {95F06F95-CA11-40BF-AF52-437CFFBEF04A}
	EndGlobalSection
EndGlobal
